
Microsoft Visual Studio Solution File, Format Version 12.00
# Visual Studio 15
VisualStudioVersion = 15.0.28307.902
MinimumVisualStudioVersion = 10.0.40219.1
Project("{FAE04EC0-301F-11D3-BF4B-00C04F79EFBC}") = "WebApplication6", "WebApplication6\WebApplication6.csproj", "{9D00ED19-2219-4C9C-ACF5-0018D6D5A156}"
EndProject
Global
	GlobalSection(SolutionConfigurationPlatforms) = preSolution
		Debug|Any CPU = Debug|Any CPU
		Release|Any CPU = Release|Any CPU
	EndGlobalSection
	GlobalSection(ProjectConfigurationPlatforms) = postSolution
		{9D00ED19-2219-4C9C-ACF5-0018D6D5A156}.Debug|Any CPU.ActiveCfg = Debug|Any CPU
		{9D00ED19-2219-4C9C-ACF5-0018D6D5A156}.Debug|Any CPU.Build.0 = Debug|Any CPU
		{9D00ED19-2219-4C9C-ACF5-0018D6D5A156}.Release|Any CPU.ActiveCfg = Release|Any CPU
		{9D00ED19-2219-4C9C-ACF5-0018D6D5A156}.Release|Any CPU.Build.0 = Release|Any CPU
	EndGlobalSection
	GlobalSection(SolutionProperties) = preSolution
		HideSolutionNode = FALSE
	EndGlobalSection
	GlobalSection(ExtensibilityGlobals) = postSolution
		SolutionGuid = {FE7DC875-74A0-421A-8845-63DE55162CD7}
	EndGlobalSection
EndGlobal
